{
    "version": 3,
    "terraform_version": "0.11.10",
    "serial": 3,
    "lineage": "d89c9d7c-0807-29cc-a589-3d611d55323b",
    "modules": [
        {
            "path": [
                "root"
            ],
            "outputs": {
                "Created rule": {
                    "sensitive": false,
                    "type": "list",
                    "value": [
                        {
                            "cidr": "0.0.0.0/0",
                            "from_group_id": "",
                            "from_port": "443",
                            "id": "d695bd33-c62a-4f08-a005-8782f6074333",
                            "ip_protocol": "tcp",
                            "self": "0",
                            "to_port": "443"
                        }
                    ]
                },
                "Network name": {
                    "sensitive": false,
                    "type": "string",
                    "value": "backend_network"
                },
                "Subnet ID": {
                    "sensitive": false,
                    "type": "string",
                    "value": "fabf1880-1423-4c60-935c-51c55567d789"
                },
                "bastionbal IP": {
                    "sensitive": false,
                    "type": "string",
                    "value": "100.64.11.214 initialized with success"
                },
                "private key": {
                    "sensitive": false,
                    "type": "string",
                    "value": "-----BEGIN RSA PRIVATE KEY-----\nMIIEpAIBAAKCAQEA7nitDDxk17mfOlf6O9Duvy9gCrfJU1z80CYVGFfh7Ckn1vMq\nlL8ZE4Ig30ZkA1E1TNq0FiAY5AHedrn+mNbg3WnG1vEgjo1Si/CwL4o5EIP/Jp3S\nPnwkk0APfg9S9xU7M7iB4dQL5AFJnodMX+vbvmy2yKy3t5fESpreUgT50rKrWbLC\ndyrI7CzbPh4QEko+7gld65iPla9ZpmqaQQWhWzxZ83JLwXbHQyq5O3Wv92WZHtoZ\na7yC5IQrJF90MfZ53Ksu6O7DizqgKhpWmBIYkOSZ6JGJil6n5PH2KjCXqpZRgwzk\nltRTRha4R7Cgyyf3sFBCj0PhaYik1NRA8FzxGwIDAQABAoIBAQCFpZoOBnbZs8z6\nDL5P8asr+KgRuaiaEL4bBYzDBNW33eTXAZa2oFa0aTR1DWUVuthtRxCwabKpbia4\nUUrPa3XAgPyQD7kYSzmc9fo32nZavC8t/DsNC9QPtlI4auwrT3nLZbdc0dMMKHCS\n6O6zv2J62UCjPLEFsoeu7BZ2zxUXsDeGX4qbU1+F/SmlVAUv3t3j0fGIn28h9Y1Q\nfzCXsYG5RPf1o8uVwckvYjot6gEsGn1nkOVHAK6BVCjDKwDrzk0egpv1DYmwO2QR\nWLJkOCw/VJo23gSqVJonSvQTW6oi7fxZGYIRL9Q/ysCNc+hf5tCvNL2nsbF0D4Wg\nigybrpY5AoGBAPhgSjcobT6obuUjaO3BCwI+viEZ4R4/Plol9QILrd+fCmeSQa8P\nfyTZjGGnt+JYKIjc5KvPWvvY48WqoNMQ4ApUBJG90NYN4mv1tyrhuMcSNPPzHPM9\npxORrO/dFRtc8A7bxvqP0qEPcqgOnzyzjvLDvQSxXGanUy2M1hXvPflfAoGBAPXK\njkeb9C+KfUoftt2xGsko4RNUevrdyVViqot31CIKb2ZASxiuHD+B7Ul502cNG8dC\nwhalsznYkR/ilquCRLPucTFdw6P41Lhn53ESMDE4bEQKmcZwVripE4AbMLSmwLBE\n/16075slPmr8A8eje9Mt5tcngTG3DpxMXYJY0NXFAoGBAJ9rppcqwpvyHmPCy6m3\nO2qwfPbgFoeEjm/sZwtuFacv/MynqrNDnhc374wKy9NjRHk8VyYUDNET0HbiYyG2\ndicK8HffPvj1pnwnFe9XPHPCMuzWAaH604+S9E5tOAv9JjRTSq8uu0IXmT9XS0v5\n8GnPyzYE5UsaYSAegpdHnR6/AoGAOTZwDf0gRtyus01UjKAIAyEP2ycEBVcQ4V45\nIoO/DjltmtiGYnVMv/+nUz4XVlp3x9cjRJBHesSNa2Wb+so04ckz8fDIdGecZFxT\nRD+eliZzFRd+mfFWTl+U2XH60WIrYhx9cPce+vcdY1vMKXFFhm+d1yEr8n2Q2hLw\nhUHVQp0CgYAN+gKwJAf8HLNnl+po4nWHtP9FNSWuuM7kfx/VXaYQGqLjWbvcIL9C\nEHNwtpLgviznOEBCSpehg8T+y8TuJdLByEgWBQU9ht8+IoLHdbsHmVNY9yH7izg5\nc8lgQn6/bnAZma1HVqLFkcFL3Sk/5Bbffrtn4ugfSZNemv8UZGbsXQ==\n-----END RSA PRIVATE KEY-----\n"
                },
                "public key": {
                    "sensitive": false,
                    "type": "string",
                    "value": "ssh-rsa AAAAB3NzaC1yc2EAAAADAQABAAABAQDueK0MPGTXuZ86V/o70O6/L2AKt8lTXPzQJhUYV+HsKSfW8yqUvxkTgiDfRmQDUTVM2rQWIBjkAd52uf6Y1uDdacbW8SCOjVKL8LAvijkQg/8mndI+fCSTQA9+D1L3FTszuIHh1AvkAUmeh0xf69u+bLbIrLe3l8RKmt5SBPnSsqtZssJ3KsjsLNs+HhASSj7uCV3rmI+Vr1mmappBBaFbPFnzckvBdsdDKrk7da/3ZZke2hlrvILkhCskX3Qx9nncqy7o7sOLOqAqGlaYEhiQ5JnokYmKXqfk8fYqMJeqllGDDOSW1FNGFrhHsKDLJ/ewUEKPQ+FpiKTU1EDwXPEb vagrant@osmgmt\n"
                },
                "terraform-provider": {
                    "sensitive": false,
                    "type": "string",
                    "value": "Connected with VM Cloud at https://stackcontroller.tp.dsi.tecnico.ulisboa.pt:5000/v3"
                },
                "web1 IP": {
                    "sensitive": false,
                    "type": "string",
                    "value": "100.64.11.216 initialized with success"
                }
            },
            "resources": {
                "openstack_blockstorage_volume_v2.volume_1": {
                    "type": "openstack_blockstorage_volume_v2",
                    "depends_on": [],
                    "primary": {
                        "id": "82587870-5844-473f-b8e9-3aea307bb4d3",
                        "attributes": {
                            "attachment.#": "0",
                            "availability_zone": "nova",
                            "description": "",
                            "id": "82587870-5844-473f-b8e9-3aea307bb4d3",
                            "metadata.%": "0",
                            "name": "volume_1",
                            "region": "RegionA",
                            "size": "1",
                            "snapshot_id": "",
                            "source_vol_id": "",
                            "volume_type": ""
                        },
                        "meta": {
                            "e2bfb730-ecaa-11e6-8f88-34363bc7c4c0": {
                                "create": 600000000000,
                                "delete": 600000000000
                            }
                        },
                        "tainted": false
                    },
                    "deposed": [],
                    "provider": "provider.openstack"
                },
                "openstack_compute_instance_v2.bastionbal": {
                    "type": "openstack_compute_instance_v2",
                    "depends_on": [
                        "openstack_compute_keypair_v2.cloud-key",
                        "openstack_compute_secgroup_v2.sec_ingr"
                    ],
                    "primary": {
                        "id": "2d5fb227-6360-45d8-8809-2b527e7a978c",
                        "attributes": {
                            "access_ip_v4": "100.64.11.214",
                            "access_ip_v6": "[2001:690:2139:3c:f816:3eff:fe69:6c07]",
                            "all_metadata.%": "0",
                            "availability_zone": "nova",
                            "flavor_id": "0",
                            "flavor_name": "t1.nano",
                            "force_delete": "false",
                            "id": "2d5fb227-6360-45d8-8809-2b527e7a978c",
                            "image_id": "51831f86-a530-42dd-8fa0-742c8894185f",
                            "image_name": "Ubuntu-18.04-Latest",
                            "key_pair": "cloud-key",
                            "name": "bastionbal",
                            "network.#": "1",
                            "network.0.access_network": "false",
                            "network.0.fixed_ip_v4": "100.64.11.214",
                            "network.0.fixed_ip_v6": "[2001:690:2139:3c:f816:3eff:fe69:6c07]",
                            "network.0.floating_ip": "",
                            "network.0.mac": "fa:16:3e:69:6c:07",
                            "network.0.name": "n-AGISIT-AGISIT-Teams-7",
                            "network.0.port": "",
                            "network.0.uuid": "cf2fabf3-1344-4a91-9818-0249fa0ae18d",
                            "power_state": "active",
                            "region": "RegionA",
                            "security_groups.#": "2",
                            "security_groups.3814588639": "default",
                            "security_groups.981515365": "sec_ingr",
                            "stop_before_destroy": "false"
                        },
                        "meta": {
                            "e2bfb730-ecaa-11e6-8f88-34363bc7c4c0": {
                                "create": 1800000000000,
                                "delete": 1800000000000,
                                "update": 1800000000000
                            }
                        },
                        "tainted": false
                    },
                    "deposed": [],
                    "provider": "provider.openstack"
                },
                "openstack_compute_instance_v2.dbase": {
                    "type": "openstack_compute_instance_v2",
                    "depends_on": [
                        "openstack_compute_keypair_v2.cloud-key",
                        "openstack_compute_secgroup_v2.sec_ingr",
                        "openstack_networking_network_v2.backend_network"
                    ],
                    "primary": {
                        "id": "b38e339b-fc22-42de-809a-771b2c4de931",
                        "attributes": {
                            "access_ip_v4": "192.168.1.6",
                            "access_ip_v6": "",
                            "all_metadata.%": "0",
                            "availability_zone": "nova",
                            "flavor_id": "0",
                            "flavor_name": "t1.nano",
                            "force_delete": "false",
                            "id": "b38e339b-fc22-42de-809a-771b2c4de931",
                            "image_id": "51831f86-a530-42dd-8fa0-742c8894185f",
                            "image_name": "Ubuntu-18.04-Latest",
                            "key_pair": "cloud-key",
                            "name": "dbase",
                            "network.#": "1",
                            "network.0.access_network": "false",
                            "network.0.fixed_ip_v4": "192.168.1.6",
                            "network.0.fixed_ip_v6": "",
                            "network.0.floating_ip": "",
                            "network.0.mac": "fa:16:3e:33:8e:f0",
                            "network.0.name": "backend_network",
                            "network.0.port": "",
                            "network.0.uuid": "fabf1880-1423-4c60-935c-51c55567d789",
                            "power_state": "active",
                            "region": "RegionA",
                            "security_groups.#": "2",
                            "security_groups.3814588639": "default",
                            "security_groups.981515365": "sec_ingr",
                            "stop_before_destroy": "false"
                        },
                        "meta": {
                            "e2bfb730-ecaa-11e6-8f88-34363bc7c4c0": {
                                "create": 1800000000000,
                                "delete": 1800000000000,
                                "update": 1800000000000
                            }
                        },
                        "tainted": false
                    },
                    "deposed": [],
                    "provider": "provider.openstack"
                },
                "openstack_compute_instance_v2.web1": {
                    "type": "openstack_compute_instance_v2",
                    "depends_on": [
                        "openstack_compute_keypair_v2.cloud-key",
                        "openstack_compute_secgroup_v2.sec_ingr",
                        "openstack_networking_network_v2.backend_network"
                    ],
                    "primary": {
                        "id": "b9e94fe3-aee2-43b5-80d7-ac79c556f33c",
                        "attributes": {
                            "access_ip_v4": "100.64.11.216",
                            "access_ip_v6": "[2001:690:2139:3c:f816:3eff:febe:c726]",
                            "all_metadata.%": "0",
                            "availability_zone": "nova",
                            "flavor_id": "0",
                            "flavor_name": "t1.nano",
                            "force_delete": "false",
                            "id": "b9e94fe3-aee2-43b5-80d7-ac79c556f33c",
                            "image_id": "51831f86-a530-42dd-8fa0-742c8894185f",
                            "image_name": "Ubuntu-18.04-Latest",
                            "key_pair": "cloud-key",
                            "name": "web1",
                            "network.#": "2",
                            "network.0.access_network": "false",
                            "network.0.fixed_ip_v4": "100.64.11.216",
                            "network.0.fixed_ip_v6": "[2001:690:2139:3c:f816:3eff:febe:c726]",
                            "network.0.floating_ip": "",
                            "network.0.mac": "fa:16:3e:be:c7:26",
                            "network.0.name": "n-AGISIT-AGISIT-Teams-7",
                            "network.0.port": "",
                            "network.0.uuid": "cf2fabf3-1344-4a91-9818-0249fa0ae18d",
                            "network.1.access_network": "false",
                            "network.1.fixed_ip_v4": "192.168.1.5",
                            "network.1.fixed_ip_v6": "",
                            "network.1.floating_ip": "",
                            "network.1.mac": "fa:16:3e:fa:df:01",
                            "network.1.name": "backend_network",
                            "network.1.port": "",
                            "network.1.uuid": "fabf1880-1423-4c60-935c-51c55567d789",
                            "power_state": "active",
                            "region": "RegionA",
                            "security_groups.#": "2",
                            "security_groups.3814588639": "default",
                            "security_groups.981515365": "sec_ingr",
                            "stop_before_destroy": "false"
                        },
                        "meta": {
                            "e2bfb730-ecaa-11e6-8f88-34363bc7c4c0": {
                                "create": 1800000000000,
                                "delete": 1800000000000,
                                "update": 1800000000000
                            }
                        },
                        "tainted": false
                    },
                    "deposed": [],
                    "provider": "provider.openstack"
                },
                "openstack_compute_keypair_v2.cloud-key": {
                    "type": "openstack_compute_keypair_v2",
                    "depends_on": [],
                    "primary": {
                        "id": "cloud-key",
                        "attributes": {
                            "fingerprint": "da:bf:a4:2c:5f:2c:f5:d5:8b:d2:b6:6b:45:71:ce:70",
                            "id": "cloud-key",
                            "name": "cloud-key",
                            "private_key": "",
                            "public_key": "ssh-rsa AAAAB3NzaC1yc2EAAAADAQABAAABAQDueK0MPGTXuZ86V/o70O6/L2AKt8lTXPzQJhUYV+HsKSfW8yqUvxkTgiDfRmQDUTVM2rQWIBjkAd52uf6Y1uDdacbW8SCOjVKL8LAvijkQg/8mndI+fCSTQA9+D1L3FTszuIHh1AvkAUmeh0xf69u+bLbIrLe3l8RKmt5SBPnSsqtZssJ3KsjsLNs+HhASSj7uCV3rmI+Vr1mmappBBaFbPFnzckvBdsdDKrk7da/3ZZke2hlrvILkhCskX3Qx9nncqy7o7sOLOqAqGlaYEhiQ5JnokYmKXqfk8fYqMJeqllGDDOSW1FNGFrhHsKDLJ/ewUEKPQ+FpiKTU1EDwXPEb vagrant@osmgmt\n",
                            "region": "RegionA"
                        },
                        "meta": {},
                        "tainted": false
                    },
                    "deposed": [],
                    "provider": "provider.openstack"
                },
                "openstack_compute_secgroup_v2.sec_ingr": {
                    "type": "openstack_compute_secgroup_v2",
                    "depends_on": [],
                    "primary": {
                        "id": "9bc78e2b-e6af-428f-a852-4473807827e6",
                        "attributes": {
                            "description": "a security group",
                            "id": "9bc78e2b-e6af-428f-a852-4473807827e6",
                            "name": "sec_ingr",
                            "region": "RegionA",
                            "rule.#": "1",
                            "rule.3211544828.cidr": "0.0.0.0/0",
                            "rule.3211544828.from_group_id": "",
                            "rule.3211544828.from_port": "443",
                            "rule.3211544828.id": "d695bd33-c62a-4f08-a005-8782f6074333",
                            "rule.3211544828.ip_protocol": "tcp",
                            "rule.3211544828.self": "false",
                            "rule.3211544828.to_port": "443"
                        },
                        "meta": {
                            "e2bfb730-ecaa-11e6-8f88-34363bc7c4c0": {
                                "delete": 600000000000
                            }
                        },
                        "tainted": false
                    },
                    "deposed": [],
                    "provider": "provider.openstack"
                },
                "openstack_compute_volume_attach_v2.va_1": {
                    "type": "openstack_compute_volume_attach_v2",
                    "depends_on": [
                        "openstack_blockstorage_volume_v2.volume_1",
                        "openstack_compute_instance_v2.web1"
                    ],
                    "primary": {
                        "id": "b9e94fe3-aee2-43b5-80d7-ac79c556f33c/82587870-5844-473f-b8e9-3aea307bb4d3",
                        "attributes": {
                            "device": "/dev/vdb",
                            "id": "b9e94fe3-aee2-43b5-80d7-ac79c556f33c/82587870-5844-473f-b8e9-3aea307bb4d3",
                            "instance_id": "b9e94fe3-aee2-43b5-80d7-ac79c556f33c",
                            "region": "RegionA",
                            "volume_id": "82587870-5844-473f-b8e9-3aea307bb4d3"
                        },
                        "meta": {
                            "e2bfb730-ecaa-11e6-8f88-34363bc7c4c0": {
                                "create": 600000000000,
                                "delete": 600000000000
                            }
                        },
                        "tainted": false
                    },
                    "deposed": [],
                    "provider": "provider.openstack"
                },
                "openstack_networking_network_v2.backend_network": {
                    "type": "openstack_networking_network_v2",
                    "depends_on": [],
                    "primary": {
                        "id": "fabf1880-1423-4c60-935c-51c55567d789",
                        "attributes": {
                            "admin_state_up": "true",
                            "availability_zone_hints.#": "0",
                            "id": "fabf1880-1423-4c60-935c-51c55567d789",
                            "name": "backend_network",
                            "region": "RegionA",
                            "shared": "false",
                            "tags.#": "0",
                            "tenant_id": "428aa0b348ef451988082297ff9214ab"
                        },
                        "meta": {
                            "e2bfb730-ecaa-11e6-8f88-34363bc7c4c0": {
                                "create": 600000000000,
                                "delete": 600000000000
                            }
                        },
                        "tainted": false
                    },
                    "deposed": [],
                    "provider": "provider.openstack"
                },
                "openstack_networking_subnet_v2.backend_subnet": {
                    "type": "openstack_networking_subnet_v2",
                    "depends_on": [
                        "openstack_networking_network_v2.backend_network"
                    ],
                    "primary": {
                        "id": "82c17c13-1b65-4f8d-8293-ca2580ac6bd8",
                        "attributes": {
                            "allocation_pools.#": "1",
                            "allocation_pools.0.end": "192.168.1.254",
                            "allocation_pools.0.start": "192.168.1.2",
                            "cidr": "192.168.1.0/24",
                            "dns_nameservers.#": "0",
                            "enable_dhcp": "true",
                            "gateway_ip": "192.168.1.1",
                            "host_routes.#": "0",
                            "id": "82c17c13-1b65-4f8d-8293-ca2580ac6bd8",
                            "ip_version": "4",
                            "ipv6_address_mode": "",
                            "ipv6_ra_mode": "",
                            "name": "backend_subnet",
                            "network_id": "fabf1880-1423-4c60-935c-51c55567d789",
                            "no_gateway": "false",
                            "region": "RegionA",
                            "subnetpool_id": "",
                            "tags.#": "0",
                            "tenant_id": "428aa0b348ef451988082297ff9214ab"
                        },
                        "meta": {
                            "e2bfb730-ecaa-11e6-8f88-34363bc7c4c0": {
                                "create": 600000000000,
                                "delete": 600000000000
                            }
                        },
                        "tainted": false
                    },
                    "deposed": [],
                    "provider": "provider.openstack"
                }
            },
            "depends_on": []
        }
    ]
}
