{
    "version": 3,
    "terraform_version": "0.11.10",
    "serial": 1,
    "lineage": "5ff73274-1a0c-7337-1045-e32889bd6a59",
    "modules": [
        {
            "path": [
                "root"
            ],
            "outputs": {
                "bastionbal": {
                    "sensitive": false,
                    "type": "string",
                    "value": "35.224.62.36"
                },
                "web1": {
                    "sensitive": false,
                    "type": "string",
                    "value": "104.198.44.177"
                },
                "web2": {
                    "sensitive": false,
                    "type": "string",
                    "value": "35.238.191.16"
                },
                "web3": {
                    "sensitive": false,
                    "type": "string",
                    "value": "35.226.144.45"
                }
            },
            "resources": {
                "google_compute_firewall.frontend_rules": {
                    "type": "google_compute_firewall",
                    "depends_on": [],
                    "primary": {
                        "id": "frontend",
                        "attributes": {
                            "allow.#": "1",
                            "allow.1250112605.ports.#": "2",
                            "allow.1250112605.ports.0": "80",
                            "allow.1250112605.ports.1": "443",
                            "allow.1250112605.protocol": "tcp",
                            "creation_timestamp": "2018-12-07T09:47:02.818-08:00",
                            "deny.#": "0",
                            "description": "",
                            "destination_ranges.#": "0",
                            "direction": "INGRESS",
                            "disabled": "false",
                            "enable_logging": "false",
                            "id": "frontend",
                            "name": "frontend",
                            "network": "https://www.googleapis.com/compute/v1/projects/agisit1819-07/global/networks/default",
                            "priority": "1000",
                            "project": "agisit1819-07",
                            "self_link": "https://www.googleapis.com/compute/v1/projects/agisit1819-07/global/firewalls/frontend",
                            "source_ranges.#": "1",
                            "source_ranges.1080289494": "0.0.0.0/0",
                            "source_service_accounts.#": "0",
                            "source_tags.#": "0",
                            "target_service_accounts.#": "0",
                            "target_tags.#": "1",
                            "target_tags.3685293426": "bastionbal"
                        },
                        "meta": {
                            "e2bfb730-ecaa-11e6-8f88-34363bc7c4c0": {
                                "create": 240000000000,
                                "delete": 240000000000,
                                "update": 240000000000
                            },
                            "schema_version": "1"
                        },
                        "tainted": false
                    },
                    "deposed": [],
                    "provider": "provider.google"
                },
                "google_compute_instance.bastionbal": {
                    "type": "google_compute_instance",
                    "depends_on": [],
                    "primary": {
                        "id": "bastionbal",
                        "attributes": {
                            "attached_disk.#": "0",
                            "boot_disk.#": "1",
                            "boot_disk.0.auto_delete": "true",
                            "boot_disk.0.device_name": "persistent-disk-0",
                            "boot_disk.0.disk_encryption_key_raw": "",
                            "boot_disk.0.disk_encryption_key_sha256": "",
                            "boot_disk.0.initialize_params.#": "1",
                            "boot_disk.0.initialize_params.0.image": "https://www.googleapis.com/compute/v1/projects/ubuntu-os-cloud/global/images/ubuntu-1604-xenial-v20181204",
                            "boot_disk.0.initialize_params.0.size": "10",
                            "boot_disk.0.initialize_params.0.type": "pd-standard",
                            "boot_disk.0.source": "https://www.googleapis.com/compute/v1/projects/agisit1819-07/zones/us-central1-a/disks/bastionbal",
                            "can_ip_forward": "false",
                            "cpu_platform": "Intel Sandy Bridge",
                            "create_timeout": "4",
                            "deletion_protection": "false",
                            "guest_accelerator.#": "0",
                            "id": "bastionbal",
                            "instance_id": "6517192164645473528",
                            "label_fingerprint": "42WmSpB8rSM=",
                            "labels.%": "0",
                            "machine_type": "f1-micro",
                            "metadata.%": "0",
                            "metadata_fingerprint": "kHd-aEpag4Y=",
                            "metadata_startup_script": "",
                            "min_cpu_platform": "",
                            "name": "bastionbal",
                            "network_interface.#": "1",
                            "network_interface.0.access_config.#": "1",
                            "network_interface.0.access_config.0.assigned_nat_ip": "35.224.62.36",
                            "network_interface.0.access_config.0.nat_ip": "35.224.62.36",
                            "network_interface.0.access_config.0.network_tier": "PREMIUM",
                            "network_interface.0.access_config.0.public_ptr_domain_name": "",
                            "network_interface.0.address": "10.128.0.4",
                            "network_interface.0.alias_ip_range.#": "0",
                            "network_interface.0.name": "nic0",
                            "network_interface.0.network": "https://www.googleapis.com/compute/v1/projects/agisit1819-07/global/networks/default",
                            "network_interface.0.network_ip": "10.128.0.4",
                            "network_interface.0.subnetwork": "https://www.googleapis.com/compute/v1/projects/agisit1819-07/regions/us-central1/subnetworks/default",
                            "network_interface.0.subnetwork_project": "agisit1819-07",
                            "project": "agisit1819-07",
                            "scheduling.#": "1",
                            "scheduling.0.automatic_restart": "false",
                            "scheduling.0.on_host_maintenance": "MIGRATE",
                            "scheduling.0.preemptible": "false",
                            "scratch_disk.#": "0",
                            "self_link": "https://www.googleapis.com/compute/v1/projects/agisit1819-07/zones/us-central1-a/instances/bastionbal",
                            "service_account.#": "0",
                            "tags.#": "1",
                            "tags.3685293426": "bastionbal",
                            "tags_fingerprint": "otprw1T5-v0=",
                            "zone": "us-central1-a"
                        },
                        "meta": {
                            "e2bfb730-ecaa-11e6-8f88-34363bc7c4c0": {
                                "create": 360000000000,
                                "delete": 360000000000,
                                "update": 360000000000
                            },
                            "schema_version": "6"
                        },
                        "tainted": false
                    },
                    "deposed": [],
                    "provider": "provider.google"
                },
                "google_compute_instance.webserver1": {
                    "type": "google_compute_instance",
                    "depends_on": [],
                    "primary": {
                        "id": "web1",
                        "attributes": {
                            "attached_disk.#": "0",
                            "boot_disk.#": "1",
                            "boot_disk.0.auto_delete": "true",
                            "boot_disk.0.device_name": "persistent-disk-0",
                            "boot_disk.0.disk_encryption_key_raw": "",
                            "boot_disk.0.disk_encryption_key_sha256": "",
                            "boot_disk.0.initialize_params.#": "1",
                            "boot_disk.0.initialize_params.0.image": "https://www.googleapis.com/compute/v1/projects/ubuntu-os-cloud/global/images/ubuntu-1604-xenial-v20181204",
                            "boot_disk.0.initialize_params.0.size": "10",
                            "boot_disk.0.initialize_params.0.type": "pd-standard",
                            "boot_disk.0.source": "https://www.googleapis.com/compute/v1/projects/agisit1819-07/zones/us-central1-a/disks/web1",
                            "can_ip_forward": "false",
                            "cpu_platform": "Intel Sandy Bridge",
                            "create_timeout": "4",
                            "deletion_protection": "false",
                            "guest_accelerator.#": "0",
                            "id": "web1",
                            "instance_id": "3571779579610074360",
                            "label_fingerprint": "42WmSpB8rSM=",
                            "labels.%": "0",
                            "machine_type": "f1-micro",
                            "metadata.%": "0",
                            "metadata_fingerprint": "kHd-aEpag4Y=",
                            "metadata_startup_script": "",
                            "min_cpu_platform": "",
                            "name": "web1",
                            "network_interface.#": "1",
                            "network_interface.0.access_config.#": "1",
                            "network_interface.0.access_config.0.assigned_nat_ip": "104.198.44.177",
                            "network_interface.0.access_config.0.nat_ip": "104.198.44.177",
                            "network_interface.0.access_config.0.network_tier": "PREMIUM",
                            "network_interface.0.access_config.0.public_ptr_domain_name": "",
                            "network_interface.0.address": "10.128.0.5",
                            "network_interface.0.alias_ip_range.#": "0",
                            "network_interface.0.name": "nic0",
                            "network_interface.0.network": "https://www.googleapis.com/compute/v1/projects/agisit1819-07/global/networks/default",
                            "network_interface.0.network_ip": "10.128.0.5",
                            "network_interface.0.subnetwork": "https://www.googleapis.com/compute/v1/projects/agisit1819-07/regions/us-central1/subnetworks/default",
                            "network_interface.0.subnetwork_project": "agisit1819-07",
                            "project": "agisit1819-07",
                            "scheduling.#": "1",
                            "scheduling.0.automatic_restart": "false",
                            "scheduling.0.on_host_maintenance": "MIGRATE",
                            "scheduling.0.preemptible": "false",
                            "scratch_disk.#": "0",
                            "self_link": "https://www.googleapis.com/compute/v1/projects/agisit1819-07/zones/us-central1-a/instances/web1",
                            "service_account.#": "0",
                            "tags.#": "1",
                            "tags.365508689": "web",
                            "tags_fingerprint": "3d9fNIIa_10=",
                            "zone": "us-central1-a"
                        },
                        "meta": {
                            "e2bfb730-ecaa-11e6-8f88-34363bc7c4c0": {
                                "create": 360000000000,
                                "delete": 360000000000,
                                "update": 360000000000
                            },
                            "schema_version": "6"
                        },
                        "tainted": false
                    },
                    "deposed": [],
                    "provider": "provider.google"
                },
                "google_compute_instance.webserver2": {
                    "type": "google_compute_instance",
                    "depends_on": [],
                    "primary": {
                        "id": "web2",
                        "attributes": {
                            "attached_disk.#": "0",
                            "boot_disk.#": "1",
                            "boot_disk.0.auto_delete": "true",
                            "boot_disk.0.device_name": "persistent-disk-0",
                            "boot_disk.0.disk_encryption_key_raw": "",
                            "boot_disk.0.disk_encryption_key_sha256": "",
                            "boot_disk.0.initialize_params.#": "1",
                            "boot_disk.0.initialize_params.0.image": "https://www.googleapis.com/compute/v1/projects/ubuntu-os-cloud/global/images/ubuntu-1604-xenial-v20181204",
                            "boot_disk.0.initialize_params.0.size": "10",
                            "boot_disk.0.initialize_params.0.type": "pd-standard",
                            "boot_disk.0.source": "https://www.googleapis.com/compute/v1/projects/agisit1819-07/zones/us-central1-a/disks/web2",
                            "can_ip_forward": "false",
                            "cpu_platform": "Intel Sandy Bridge",
                            "create_timeout": "4",
                            "deletion_protection": "false",
                            "guest_accelerator.#": "0",
                            "id": "web2",
                            "instance_id": "4056547087996095736",
                            "label_fingerprint": "42WmSpB8rSM=",
                            "labels.%": "0",
                            "machine_type": "f1-micro",
                            "metadata.%": "0",
                            "metadata_fingerprint": "kHd-aEpag4Y=",
                            "metadata_startup_script": "",
                            "min_cpu_platform": "",
                            "name": "web2",
                            "network_interface.#": "1",
                            "network_interface.0.access_config.#": "1",
                            "network_interface.0.access_config.0.assigned_nat_ip": "35.238.191.16",
                            "network_interface.0.access_config.0.nat_ip": "35.238.191.16",
                            "network_interface.0.access_config.0.network_tier": "PREMIUM",
                            "network_interface.0.access_config.0.public_ptr_domain_name": "",
                            "network_interface.0.address": "10.128.0.3",
                            "network_interface.0.alias_ip_range.#": "0",
                            "network_interface.0.name": "nic0",
                            "network_interface.0.network": "https://www.googleapis.com/compute/v1/projects/agisit1819-07/global/networks/default",
                            "network_interface.0.network_ip": "10.128.0.3",
                            "network_interface.0.subnetwork": "https://www.googleapis.com/compute/v1/projects/agisit1819-07/regions/us-central1/subnetworks/default",
                            "network_interface.0.subnetwork_project": "agisit1819-07",
                            "project": "agisit1819-07",
                            "scheduling.#": "1",
                            "scheduling.0.automatic_restart": "false",
                            "scheduling.0.on_host_maintenance": "MIGRATE",
                            "scheduling.0.preemptible": "false",
                            "scratch_disk.#": "0",
                            "self_link": "https://www.googleapis.com/compute/v1/projects/agisit1819-07/zones/us-central1-a/instances/web2",
                            "service_account.#": "0",
                            "tags.#": "1",
                            "tags.365508689": "web",
                            "tags_fingerprint": "3d9fNIIa_10=",
                            "zone": "us-central1-a"
                        },
                        "meta": {
                            "e2bfb730-ecaa-11e6-8f88-34363bc7c4c0": {
                                "create": 360000000000,
                                "delete": 360000000000,
                                "update": 360000000000
                            },
                            "schema_version": "6"
                        },
                        "tainted": false
                    },
                    "deposed": [],
                    "provider": "provider.google"
                },
                "google_compute_instance.webserver3": {
                    "type": "google_compute_instance",
                    "depends_on": [],
                    "primary": {
                        "id": "web3",
                        "attributes": {
                            "attached_disk.#": "0",
                            "boot_disk.#": "1",
                            "boot_disk.0.auto_delete": "true",
                            "boot_disk.0.device_name": "persistent-disk-0",
                            "boot_disk.0.disk_encryption_key_raw": "",
                            "boot_disk.0.disk_encryption_key_sha256": "",
                            "boot_disk.0.initialize_params.#": "1",
                            "boot_disk.0.initialize_params.0.image": "https://www.googleapis.com/compute/v1/projects/ubuntu-os-cloud/global/images/ubuntu-1604-xenial-v20181204",
                            "boot_disk.0.initialize_params.0.size": "10",
                            "boot_disk.0.initialize_params.0.type": "pd-standard",
                            "boot_disk.0.source": "https://www.googleapis.com/compute/v1/projects/agisit1819-07/zones/us-central1-a/disks/web3",
                            "can_ip_forward": "false",
                            "cpu_platform": "Intel Sandy Bridge",
                            "create_timeout": "4",
                            "deletion_protection": "false",
                            "guest_accelerator.#": "0",
                            "id": "web3",
                            "instance_id": "975094776819289336",
                            "label_fingerprint": "42WmSpB8rSM=",
                            "labels.%": "0",
                            "machine_type": "f1-micro",
                            "metadata.%": "0",
                            "metadata_fingerprint": "kHd-aEpag4Y=",
                            "metadata_startup_script": "",
                            "min_cpu_platform": "",
                            "name": "web3",
                            "network_interface.#": "1",
                            "network_interface.0.access_config.#": "1",
                            "network_interface.0.access_config.0.assigned_nat_ip": "35.226.144.45",
                            "network_interface.0.access_config.0.nat_ip": "35.226.144.45",
                            "network_interface.0.access_config.0.network_tier": "PREMIUM",
                            "network_interface.0.access_config.0.public_ptr_domain_name": "",
                            "network_interface.0.address": "10.128.0.2",
                            "network_interface.0.alias_ip_range.#": "0",
                            "network_interface.0.name": "nic0",
                            "network_interface.0.network": "https://www.googleapis.com/compute/v1/projects/agisit1819-07/global/networks/default",
                            "network_interface.0.network_ip": "10.128.0.2",
                            "network_interface.0.subnetwork": "https://www.googleapis.com/compute/v1/projects/agisit1819-07/regions/us-central1/subnetworks/default",
                            "network_interface.0.subnetwork_project": "agisit1819-07",
                            "project": "agisit1819-07",
                            "scheduling.#": "1",
                            "scheduling.0.automatic_restart": "false",
                            "scheduling.0.on_host_maintenance": "MIGRATE",
                            "scheduling.0.preemptible": "false",
                            "scratch_disk.#": "0",
                            "self_link": "https://www.googleapis.com/compute/v1/projects/agisit1819-07/zones/us-central1-a/instances/web3",
                            "service_account.#": "0",
                            "tags.#": "1",
                            "tags.365508689": "web",
                            "tags_fingerprint": "3d9fNIIa_10=",
                            "zone": "us-central1-a"
                        },
                        "meta": {
                            "e2bfb730-ecaa-11e6-8f88-34363bc7c4c0": {
                                "create": 360000000000,
                                "delete": 360000000000,
                                "update": 360000000000
                            },
                            "schema_version": "6"
                        },
                        "tainted": false
                    },
                    "deposed": [],
                    "provider": "provider.google"
                }
            },
            "depends_on": []
        }
    ]
}
